
Microsoft Visual Studio Solution File, Format Version 12.00
# Visual Studio 15
VisualStudioVersion = 15.0.28307.902
MinimumVisualStudioVersion = 10.0.40219.1
Project("{8BC9CEB8-8B4A-11D0-8D11-00A0C91BC942}") = "SystemCall", "SystemCall\SystemCall.vcxproj", "{B12702AD-ABFB-343A-A199-8E24837244A3}"
EndProject
Project("{8BC9CEB8-8B4A-11D0-8D11-00A0C91BC942}") = "DllParam", "DllParam\DllParam.vcxproj", "{C40F9C07-0299-4CE4-AE74-D0B2B612D277}"
EndProject
Project("{8BC9CEB8-8B4A-11D0-8D11-00A0C91BC942}") = "arithClass", "M:\arithClass\arithClass.vcxproj", "{CCDDDFE2-0BCE-4493-97D1-F2963B950252}"
EndProject
Project("{8BC9CEB8-8B4A-11D0-8D11-00A0C91BC942}") = "QRectLabel", "M:\QRectLabel\QRectLabel.vcxproj", "{B41D8989-7605-4FBF-AC2B-B66914BFC20B}"
EndProject
Project("{8BC9CEB8-8B4A-11D0-8D11-00A0C91BC942}") = "DllWinControl", "DllWinControl\DllWinControl.vcxproj", "{0658BD43-BF49-4F63-8D48-1494E73AA1D4}"
EndProject
Global
	GlobalSection(SolutionConfigurationPlatforms) = preSolution
		Debug|x64 = Debug|x64
		Release|x64 = Release|x64
	EndGlobalSection
	GlobalSection(ProjectConfigurationPlatforms) = postSolution
		{B12702AD-ABFB-343A-A199-8E24837244A3}.Debug|x64.ActiveCfg = Debug|x64
		{B12702AD-ABFB-343A-A199-8E24837244A3}.Debug|x64.Build.0 = Debug|x64
		{B12702AD-ABFB-343A-A199-8E24837244A3}.Release|x64.ActiveCfg = Release|x64
		{B12702AD-ABFB-343A-A199-8E24837244A3}.Release|x64.Build.0 = Release|x64
		{C40F9C07-0299-4CE4-AE74-D0B2B612D277}.Debug|x64.ActiveCfg = Debug|x64
		{C40F9C07-0299-4CE4-AE74-D0B2B612D277}.Debug|x64.Build.0 = Debug|x64
		{C40F9C07-0299-4CE4-AE74-D0B2B612D277}.Release|x64.ActiveCfg = Release|x64
		{C40F9C07-0299-4CE4-AE74-D0B2B612D277}.Release|x64.Build.0 = Release|x64
		{CCDDDFE2-0BCE-4493-97D1-F2963B950252}.Debug|x64.ActiveCfg = Debug|x64
		{CCDDDFE2-0BCE-4493-97D1-F2963B950252}.Debug|x64.Build.0 = Debug|x64
		{CCDDDFE2-0BCE-4493-97D1-F2963B950252}.Release|x64.ActiveCfg = Release|x64
		{CCDDDFE2-0BCE-4493-97D1-F2963B950252}.Release|x64.Build.0 = Release|x64
		{B41D8989-7605-4FBF-AC2B-B66914BFC20B}.Debug|x64.ActiveCfg = Debug|x64
		{B41D8989-7605-4FBF-AC2B-B66914BFC20B}.Debug|x64.Build.0 = Debug|x64
		{B41D8989-7605-4FBF-AC2B-B66914BFC20B}.Release|x64.ActiveCfg = Release|x64
		{B41D8989-7605-4FBF-AC2B-B66914BFC20B}.Release|x64.Build.0 = Release|x64
		{0658BD43-BF49-4F63-8D48-1494E73AA1D4}.Debug|x64.ActiveCfg = Debug|x64
		{0658BD43-BF49-4F63-8D48-1494E73AA1D4}.Debug|x64.Build.0 = Debug|x64
		{0658BD43-BF49-4F63-8D48-1494E73AA1D4}.Release|x64.ActiveCfg = Release|x64
		{0658BD43-BF49-4F63-8D48-1494E73AA1D4}.Release|x64.Build.0 = Release|x64
	EndGlobalSection
	GlobalSection(SolutionProperties) = preSolution
		HideSolutionNode = FALSE
	EndGlobalSection
	GlobalSection(ExtensibilityGlobals) = postSolution
		SolutionGuid = {89F28FF6-7B1A-48B5-969F-4171812DF9BE}
	EndGlobalSection
EndGlobal
